
Microsoft Visual Studio Solution File, Format Version 12.00
# Visual Studio 15
VisualStudioVersion = 15.0.28307.1300
MinimumVisualStudioVersion = 10.0.40219.1
Project("{FAE04EC0-301F-11D3-BF4B-00C04F79EFBC}") = "CarLeasing", "CarLeasing\CarLeasing.csproj", "{C3A3C01B-73BB-4BA9-9B1A-1CFF72BAF515}"
EndProject
Global
	GlobalSection(SolutionConfigurationPlatforms) = preSolution
		Debug|Any CPU = Debug|Any CPU
		Release|Any CPU = Release|Any CPU
	EndGlobalSection
	GlobalSection(ProjectConfigurationPlatforms) = postSolution
		{C3A3C01B-73BB-4BA9-9B1A-1CFF72BAF515}.Debug|Any CPU.ActiveCfg = Debug|Any CPU
		{C3A3C01B-73BB-4BA9-9B1A-1CFF72BAF515}.Debug|Any CPU.Build.0 = Debug|Any CPU
		{C3A3C01B-73BB-4BA9-9B1A-1CFF72BAF515}.Release|Any CPU.ActiveCfg = Release|Any CPU
		{C3A3C01B-73BB-4BA9-9B1A-1CFF72BAF515}.Release|Any CPU.Build.0 = Release|Any CPU
	EndGlobalSection
	GlobalSection(SolutionProperties) = preSolution
		HideSolutionNode = FALSE
	EndGlobalSection
	GlobalSection(ExtensibilityGlobals) = postSolution
		SolutionGuid = {871824F2-BA33-4851-BA0C-487EC05B92CB}
	EndGlobalSection
EndGlobal
